
Microsoft Visual Studio Solution File, Format Version 12.00
# Visual Studio 15
VisualStudioVersion = 15.0.28307.960
MinimumVisualStudioVersion = 10.0.40219.1
Project("{FAE04EC0-301F-11D3-BF4B-00C04F79EFBC}") = "ApplicationExtensibility.Plugin.Models", "ApplicationExtensibility.Plugin.Models\ApplicationExtensibility.Plugin.Models.csproj", "{065EDD92-3E9B-435A-9875-46368D9F51FB}"
EndProject
Global
	GlobalSection(SolutionConfigurationPlatforms) = preSolution
		Debug|Any CPU = Debug|Any CPU
		Release|Any CPU = Release|Any CPU
	EndGlobalSection
	GlobalSection(ProjectConfigurationPlatforms) = postSolution
		{065EDD92-3E9B-435A-9875-46368D9F51FB}.Debug|Any CPU.ActiveCfg = Debug|Any CPU
		{065EDD92-3E9B-435A-9875-46368D9F51FB}.Debug|Any CPU.Build.0 = Debug|Any CPU
		{065EDD92-3E9B-435A-9875-46368D9F51FB}.Release|Any CPU.ActiveCfg = Release|Any CPU
		{065EDD92-3E9B-435A-9875-46368D9F51FB}.Release|Any CPU.Build.0 = Release|Any CPU
	EndGlobalSection
	GlobalSection(SolutionProperties) = preSolution
		HideSolutionNode = FALSE
	EndGlobalSection
	GlobalSection(ExtensibilityGlobals) = postSolution
		SolutionGuid = {C150C1FE-20D5-479D-A4ED-EF2EEB8190E5}
	EndGlobalSection
EndGlobal
